# This file is automatically @generated by Cargo.
# It is not intended for manual editing.
version = 4

[[package]]
name = "jpxl-bitstream"
version = "0.1.0"

[[package]]
name = "jpxl-cli"
version = "0.1.0"
dependencies = [
 "jpxl-conformance",
 "jpxl-core",
 "jpxl-decode",
]

[[package]]
name = "jpxl-conformance"
version = "0.1.0"
dependencies = [
 "jpxl-core",
]

[[package]]
name = "jpxl-core"
version = "0.1.0"
dependencies = [
 "jpxl-bitstream",
]

[[package]]
name = "jpxl-decode"
version = "0.1.0"
dependencies = [
 "jpxl-bitstream",
 "jpxl-core",
]
