akr-lock 0.1
project jpegxl-rs

build {
    tool "akr 0.1.0"
    grammar "0.1"
    vocabulary "0.1"
    commit git:65341abc2ad425ef0e193a6012e26a01ca4275b0
    source_graph "sha256:9915bfc8fb1484be12913b414c39dd546f8f8f2cc161a625f74418350daab2ad"
}

source ".akr/project.akr" {
    hash "sha256:78b52ef24ff8e6273c95a023adaca483a81b6689b731d7e056e2c921f06ceda7"
    records 0
}

source ".akr/records/jpegxl-rs/constraints.akr" {
    hash "sha256:50ad609bb8f10562fe603acb942a68f50e4a2817d0972bf8c486b3cc3dd938a9"
    records 6
}

source ".akr/records/jpegxl-rs/decisions.akr" {
    hash "sha256:d920f159fc9ee98793b9db3c4a2e2bc820f86e21e8f7af59efddc40994959a4f"
    records 6
}

source ".akr/records/jpegxl-rs/evidence.akr" {
    hash "sha256:0821c737d343eb0d950db6e204de71060c21ed1f1356f2676c3b7a9b55d86cc2"
    records 12
}

source ".akr/records/jpegxl-rs/milestones.akr" {
    hash "sha256:735bd3e1d37d9c7f95cdeb63a463c0443267c5c14097ab10db9cb28890fa0044"
    records 13
}

source ".akr/records/jpegxl-rs/policies.akr" {
    hash "sha256:e75080b8a98dc57ee425ad0eed65d615d6de1e2e9a97bc5c42733bdedd5e9ab1"
    records 12
}

source ".akr/records/jpegxl-rs/tracks.akr" {
    hash "sha256:3fc3dcee012c86072b785f57e9fdb77849b8401e91834df45c46bbeecdc82fa1"
    records 2
}

resolution @jpegxl-rs.milestone.durable-rulings/1 {
    slot after
    to @jpegxl-rs.milestone.spine-bootstrap/1
    hash "sha256:df7662c178a233de8a7b385c1f35a7e92556b887da5866b12f936deb4af8c16d"
}

resolution @jpegxl-rs.milestone.durable-rulings/1 {
    slot part_of
    to @jpegxl-rs.track.akr-adoption/1
    hash "sha256:186b1a437dc661df26b9d379196e4ffd31c3b2de8527fd445895565c7f680e7c"
}

resolution @jpegxl-rs.milestone.durable-rulings/1 {
    slot verified_by
    to @jpegxl-rs.evidence.rulings-captured/1
    hash "sha256:6fa0b4ff5fc5ab2005d848d8cd8d938b136f6299bc9c158bf7488c5353bf3d48"
}

resolution @jpegxl-rs.milestone.experiments-as-observations/1 {
    slot after
    to @jpegxl-rs.milestone.history-backfilled/1
    hash "sha256:9e2bc9820ec3386ef9ce74c7659e0e95bd3bef8f9d21ebc1d855ecebdda88edc"
}

resolution @jpegxl-rs.milestone.experiments-as-observations/1 {
    slot part_of
    to @jpegxl-rs.track.akr-adoption/1
    hash "sha256:186b1a437dc661df26b9d379196e4ffd31c3b2de8527fd445895565c7f680e7c"
}

resolution @jpegxl-rs.milestone.history-backfilled/1 {
    slot after
    to @jpegxl-rs.milestone.durable-rulings/1
    hash "sha256:5b51c57197a52f692c0735aabb0dec45b946cf834767e8ffa53bb1bb22d98d35"
}

resolution @jpegxl-rs.milestone.history-backfilled/1 {
    slot part_of
    to @jpegxl-rs.track.akr-adoption/1
    hash "sha256:186b1a437dc661df26b9d379196e4ffd31c3b2de8527fd445895565c7f680e7c"
}

resolution @jpegxl-rs.milestone.history-backfilled/1 {
    slot verified_by
    to @jpegxl-rs.evidence.history-backfilled/1
    hash "sha256:4aa4bba4295cce3e93c48dff164c981a82ecf1ad1206355da100dfc2d81ed0f1"
}

resolution @jpegxl-rs.milestone.m1-plan-ir/1 {
    slot part_of
    to @jpegxl-rs.track.vardct-encoder/1
    hash "sha256:da3fcf5896fcd17d7293a0104df9796343bd386ea1dffd96b18cbdd2ccf6e124"
}

resolution @jpegxl-rs.milestone.m1-plan-ir/1 {
    slot verified_by
    to @jpegxl-rs.evidence.m1-plan-ir/1
    hash "sha256:c89bc7184d9b204761769600cac70406bef53a0cd84e263ba7e450e393ed222c"
}

resolution @jpegxl-rs.milestone.m2-fixed-dct8/1 {
    slot after
    to @jpegxl-rs.milestone.m1-plan-ir/1
    hash "sha256:d9b4a60184f5a02e40fdca3c59cc3a19824dfa4053a2e2b4ee37b8f0868a6f9d"
}

resolution @jpegxl-rs.milestone.m2-fixed-dct8/1 {
    slot part_of
    to @jpegxl-rs.track.vardct-encoder/1
    hash "sha256:da3fcf5896fcd17d7293a0104df9796343bd386ea1dffd96b18cbdd2ccf6e124"
}

resolution @jpegxl-rs.milestone.m2-fixed-dct8/1 {
    slot verified_by
    to @jpegxl-rs.evidence.m2-fixed-dct8/1
    hash "sha256:5eed141475d3034ac44fbddccee4b532cfa637248ba2e230807bc5d0cec35453"
}

resolution @jpegxl-rs.milestone.m3-forward-transforms/1 {
    slot after
    to @jpegxl-rs.milestone.m2-fixed-dct8/1
    hash "sha256:a91ec0f6672041bacc71a617abfbde6b88a2603f7e4fddf6eaf818412caf1671"
}

resolution @jpegxl-rs.milestone.m3-forward-transforms/1 {
    slot part_of
    to @jpegxl-rs.track.vardct-encoder/1
    hash "sha256:da3fcf5896fcd17d7293a0104df9796343bd386ea1dffd96b18cbdd2ccf6e124"
}

resolution @jpegxl-rs.milestone.m3-forward-transforms/1 {
    slot verified_by
    to @jpegxl-rs.evidence.m3-forward-transforms/1
    hash "sha256:a95f96ea53b45df4dc656e22f5dc0bd89b6dca5508434733b5a5e2001e680051"
}

resolution @jpegxl-rs.milestone.m4-rate-loop/1 {
    slot after
    to @jpegxl-rs.milestone.m3-forward-transforms/1
    hash "sha256:5ece0338f197c06721b62e3ea088b2d010dd57109a90a7ff084a577b2cf2c8db"
}

resolution @jpegxl-rs.milestone.m4-rate-loop/1 {
    slot part_of
    to @jpegxl-rs.track.vardct-encoder/1
    hash "sha256:da3fcf5896fcd17d7293a0104df9796343bd386ea1dffd96b18cbdd2ccf6e124"
}

resolution @jpegxl-rs.milestone.m4-rate-loop/1 {
    slot verified_by
    to @jpegxl-rs.evidence.m4-rate-loop/1
    hash "sha256:27a3236ebe7dbb08e50a231d6911f6c18ec65eb187cc06b7cb741d7957389729"
}

resolution @jpegxl-rs.milestone.m5-cfl/1 {
    slot after
    to @jpegxl-rs.milestone.m4-rate-loop/1
    hash "sha256:15d99948af9fdbef396adc4c695857a153a3563eeaff00fad9548741190e53be"
}

resolution @jpegxl-rs.milestone.m5-cfl/1 {
    slot part_of
    to @jpegxl-rs.track.vardct-encoder/1
    hash "sha256:da3fcf5896fcd17d7293a0104df9796343bd386ea1dffd96b18cbdd2ccf6e124"
}

resolution @jpegxl-rs.milestone.m5-cfl/1 {
    slot verified_by
    to @jpegxl-rs.evidence.m5-cfl/1
    hash "sha256:58b96d259efa62784225d8d09af84d0e6a2b0f97449160f0bd75cfc07ddc26d2"
}

resolution @jpegxl-rs.milestone.m6-block-selector/1 {
    slot after
    to @jpegxl-rs.milestone.m5-cfl/1
    hash "sha256:2e3d89d2f4d966f5593f923cd95ae5ddc6d6d5421cec9636a286e6805a819bf6"
}

resolution @jpegxl-rs.milestone.m6-block-selector/1 {
    slot part_of
    to @jpegxl-rs.track.vardct-encoder/1
    hash "sha256:da3fcf5896fcd17d7293a0104df9796343bd386ea1dffd96b18cbdd2ccf6e124"
}

resolution @jpegxl-rs.milestone.m6-block-selector/1 {
    slot verified_by
    to @jpegxl-rs.evidence.m6-block-selector/1
    hash "sha256:e84d14a8b7f28792a6fc8687ad55ff0b8d73c72769c50a18b6a0c7c1e402da6b"
}

resolution @jpegxl-rs.milestone.m7-adaptive-quant/1 {
    slot after
    to @jpegxl-rs.milestone.m6-block-selector/1
    hash "sha256:d042800967b43dcd049d8c13cf4ae2b3163625e2f941b1064ea89d5d284162ec"
}

resolution @jpegxl-rs.milestone.m7-adaptive-quant/1 {
    slot part_of
    to @jpegxl-rs.track.vardct-encoder/1
    hash "sha256:da3fcf5896fcd17d7293a0104df9796343bd386ea1dffd96b18cbdd2ccf6e124"
}

resolution @jpegxl-rs.milestone.m7-adaptive-quant/1 {
    slot verified_by
    to @jpegxl-rs.evidence.m7-adaptive-quant/1
    hash "sha256:5f346839bef48a29cdbb833a89eb3e8c5200772f443cd9737b387dcb0939ce4c"
}

resolution @jpegxl-rs.milestone.m8-entropy-opt/1 {
    slot after
    to @jpegxl-rs.milestone.m7-adaptive-quant/1
    hash "sha256:c263b7b724ed6aba75a8fdc87e0b3adf729e712a919caddbf29af56dc1eb9fac"
}

resolution @jpegxl-rs.milestone.m8-entropy-opt/1 {
    slot part_of
    to @jpegxl-rs.track.vardct-encoder/1
    hash "sha256:da3fcf5896fcd17d7293a0104df9796343bd386ea1dffd96b18cbdd2ccf6e124"
}

resolution @jpegxl-rs.milestone.m8-entropy-opt/1 {
    slot verified_by
    to @jpegxl-rs.evidence.m8-entropy-opt/1
    hash "sha256:e811528b71a6eea45f0f0280e8afdc580e70d54cdda5f2576f33bc40f03142d2"
}

resolution @jpegxl-rs.milestone.markdown-retired/1 {
    slot after
    to @jpegxl-rs.milestone.experiments-as-observations/1
    hash "sha256:9d37621bee5adb7ece4e9b5751a3ed5e360dafe502ef2afddb1b6a36cdc1da83"
}

resolution @jpegxl-rs.milestone.markdown-retired/1 {
    slot part_of
    to @jpegxl-rs.track.akr-adoption/1
    hash "sha256:186b1a437dc661df26b9d379196e4ffd31c3b2de8527fd445895565c7f680e7c"
}

resolution @jpegxl-rs.milestone.spine-bootstrap/1 {
    slot part_of
    to @jpegxl-rs.track.akr-adoption/1
    hash "sha256:186b1a437dc661df26b9d379196e4ffd31c3b2de8527fd445895565c7f680e7c"
}

resolution @jpegxl-rs.milestone.spine-bootstrap/1 {
    slot verified_by
    to @jpegxl-rs.evidence.spine-builds/1
    hash "sha256:be73d885df11d190e9b3fff292686849e930bf4f8069ccd91b66e634367f977f"
}

resolution @jpegxl-rs.milestone.spine-bootstrap/1 {
    slot verified_by
    to @jpegxl-rs.evidence.spine-conventions/1
    hash "sha256:5793d09f02a73315418bdbcd130b2116fba1c79ae1b09148cc2deb782032c0d3"
}

seal @jpegxl-rs.evidence.history-backfilled/1 {
    state verified
    hash "sha256:4aa4bba4295cce3e93c48dff164c981a82ecf1ad1206355da100dfc2d81ed0f1"
}

seal @jpegxl-rs.evidence.m1-plan-ir/1 {
    state verified
    hash "sha256:c89bc7184d9b204761769600cac70406bef53a0cd84e263ba7e450e393ed222c"
}

seal @jpegxl-rs.evidence.m2-fixed-dct8/1 {
    state verified
    hash "sha256:5eed141475d3034ac44fbddccee4b532cfa637248ba2e230807bc5d0cec35453"
}

seal @jpegxl-rs.evidence.m3-forward-transforms/1 {
    state verified
    hash "sha256:a95f96ea53b45df4dc656e22f5dc0bd89b6dca5508434733b5a5e2001e680051"
}

seal @jpegxl-rs.evidence.m4-rate-loop/1 {
    state verified
    hash "sha256:27a3236ebe7dbb08e50a231d6911f6c18ec65eb187cc06b7cb741d7957389729"
}

seal @jpegxl-rs.evidence.m5-cfl/1 {
    state verified
    hash "sha256:58b96d259efa62784225d8d09af84d0e6a2b0f97449160f0bd75cfc07ddc26d2"
}

seal @jpegxl-rs.evidence.m6-block-selector/1 {
    state verified
    hash "sha256:e84d14a8b7f28792a6fc8687ad55ff0b8d73c72769c50a18b6a0c7c1e402da6b"
}

seal @jpegxl-rs.evidence.m7-adaptive-quant/1 {
    state verified
    hash "sha256:5f346839bef48a29cdbb833a89eb3e8c5200772f443cd9737b387dcb0939ce4c"
}

seal @jpegxl-rs.evidence.m8-entropy-opt/1 {
    state verified
    hash "sha256:e811528b71a6eea45f0f0280e8afdc580e70d54cdda5f2576f33bc40f03142d2"
}

seal @jpegxl-rs.evidence.rulings-captured/1 {
    state verified
    hash "sha256:6fa0b4ff5fc5ab2005d848d8cd8d938b136f6299bc9c158bf7488c5353bf3d48"
}

seal @jpegxl-rs.evidence.spine-builds/1 {
    state verified
    hash "sha256:be73d885df11d190e9b3fff292686849e930bf4f8069ccd91b66e634367f977f"
}

seal @jpegxl-rs.evidence.spine-conventions/1 {
    state verified
    hash "sha256:5793d09f02a73315418bdbcd130b2116fba1c79ae1b09148cc2deb782032c0d3"
}

seal @jpegxl-rs.milestone.durable-rulings/1 {
    state completed
    hash "sha256:5b51c57197a52f692c0735aabb0dec45b946cf834767e8ffa53bb1bb22d98d35"
}

seal @jpegxl-rs.milestone.history-backfilled/1 {
    state completed
    hash "sha256:9e2bc9820ec3386ef9ce74c7659e0e95bd3bef8f9d21ebc1d855ecebdda88edc"
}

seal @jpegxl-rs.milestone.m1-plan-ir/1 {
    state completed
    hash "sha256:d9b4a60184f5a02e40fdca3c59cc3a19824dfa4053a2e2b4ee37b8f0868a6f9d"
}

seal @jpegxl-rs.milestone.m2-fixed-dct8/1 {
    state completed
    hash "sha256:a91ec0f6672041bacc71a617abfbde6b88a2603f7e4fddf6eaf818412caf1671"
}

seal @jpegxl-rs.milestone.m3-forward-transforms/1 {
    state completed
    hash "sha256:5ece0338f197c06721b62e3ea088b2d010dd57109a90a7ff084a577b2cf2c8db"
}

seal @jpegxl-rs.milestone.m4-rate-loop/1 {
    state completed
    hash "sha256:15d99948af9fdbef396adc4c695857a153a3563eeaff00fad9548741190e53be"
}

seal @jpegxl-rs.milestone.m5-cfl/1 {
    state completed
    hash "sha256:2e3d89d2f4d966f5593f923cd95ae5ddc6d6d5421cec9636a286e6805a819bf6"
}

seal @jpegxl-rs.milestone.m6-block-selector/1 {
    state completed
    hash "sha256:d042800967b43dcd049d8c13cf4ae2b3163625e2f941b1064ea89d5d284162ec"
}

seal @jpegxl-rs.milestone.m7-adaptive-quant/1 {
    state completed
    hash "sha256:c263b7b724ed6aba75a8fdc87e0b3adf729e712a919caddbf29af56dc1eb9fac"
}

seal @jpegxl-rs.milestone.m8-entropy-opt/1 {
    state completed
    hash "sha256:0a2c5016f4a3be90fb412ad42f2cc5eba6cfb394c6b950c44df6be4f76787b95"
}

seal @jpegxl-rs.milestone.spine-bootstrap/1 {
    state completed
    hash "sha256:df7662c178a233de8a7b385c1f35a7e92556b887da5866b12f936deb4af8c16d"
}
