akr-lock 0.1
project jpegxl-rs

build {
    tool "akr 0.1.0"
    grammar "0.1"
    vocabulary "0.1"
    commit git:3aad4265c335bc54e889ffccf5e29c3f3c8380ff
    source_graph "sha256:e0c3830d1f9d754ddb02858602df840d20994bd173f6aaba693e3a7d26e4ba59"
}

source ".akr/project.akr" {
    hash "sha256:78b52ef24ff8e6273c95a023adaca483a81b6689b731d7e056e2c921f06ceda7"
    records 0
}

source ".akr/records/jpegxl-rs/constraints.akr" {
    hash "sha256:50ad609bb8f10562fe603acb942a68f50e4a2817d0972bf8c486b3cc3dd938a9"
    records 6
}

source ".akr/records/jpegxl-rs/decisions.akr" {
    hash "sha256:d920f159fc9ee98793b9db3c4a2e2bc820f86e21e8f7af59efddc40994959a4f"
    records 6
}

source ".akr/records/jpegxl-rs/evidence.akr" {
    hash "sha256:5fb160ef51fb2b2e2110a8da0cf1be8df2e562560ecf1cdccf400b4738d5d961"
    records 3
}

source ".akr/records/jpegxl-rs/milestones.akr" {
    hash "sha256:5cc30b3eda93696e607c08c8533362acecf2b2ec692c763252183381ae640fbf"
    records 5
}

source ".akr/records/jpegxl-rs/policies.akr" {
    hash "sha256:e75080b8a98dc57ee425ad0eed65d615d6de1e2e9a97bc5c42733bdedd5e9ab1"
    records 12
}

source ".akr/records/jpegxl-rs/tracks.akr" {
    hash "sha256:76f73b6b82da06aed2de74d6e5a5d4abee2a746aac8611e4ffb2a3cd87aa0542"
    records 1
}

resolution @jpegxl-rs.milestone.durable-rulings/1 {
    slot after
    to @jpegxl-rs.milestone.spine-bootstrap/1
    hash "sha256:df7662c178a233de8a7b385c1f35a7e92556b887da5866b12f936deb4af8c16d"
}

resolution @jpegxl-rs.milestone.durable-rulings/1 {
    slot part_of
    to @jpegxl-rs.track.akr-adoption/1
    hash "sha256:186b1a437dc661df26b9d379196e4ffd31c3b2de8527fd445895565c7f680e7c"
}

resolution @jpegxl-rs.milestone.durable-rulings/1 {
    slot verified_by
    to @jpegxl-rs.evidence.rulings-captured/1
    hash "sha256:6fa0b4ff5fc5ab2005d848d8cd8d938b136f6299bc9c158bf7488c5353bf3d48"
}

resolution @jpegxl-rs.milestone.experiments-as-observations/1 {
    slot after
    to @jpegxl-rs.milestone.history-backfilled/1
    hash "sha256:a7e442bdb5a3b01f54006d3385f8cb9a27ecf616bb46a41642bc29a7e7d7ad87"
}

resolution @jpegxl-rs.milestone.experiments-as-observations/1 {
    slot part_of
    to @jpegxl-rs.track.akr-adoption/1
    hash "sha256:186b1a437dc661df26b9d379196e4ffd31c3b2de8527fd445895565c7f680e7c"
}

resolution @jpegxl-rs.milestone.history-backfilled/1 {
    slot after
    to @jpegxl-rs.milestone.durable-rulings/1
    hash "sha256:5b51c57197a52f692c0735aabb0dec45b946cf834767e8ffa53bb1bb22d98d35"
}

resolution @jpegxl-rs.milestone.history-backfilled/1 {
    slot part_of
    to @jpegxl-rs.track.akr-adoption/1
    hash "sha256:186b1a437dc661df26b9d379196e4ffd31c3b2de8527fd445895565c7f680e7c"
}

resolution @jpegxl-rs.milestone.markdown-retired/1 {
    slot after
    to @jpegxl-rs.milestone.experiments-as-observations/1
    hash "sha256:9d37621bee5adb7ece4e9b5751a3ed5e360dafe502ef2afddb1b6a36cdc1da83"
}

resolution @jpegxl-rs.milestone.markdown-retired/1 {
    slot part_of
    to @jpegxl-rs.track.akr-adoption/1
    hash "sha256:186b1a437dc661df26b9d379196e4ffd31c3b2de8527fd445895565c7f680e7c"
}

resolution @jpegxl-rs.milestone.spine-bootstrap/1 {
    slot part_of
    to @jpegxl-rs.track.akr-adoption/1
    hash "sha256:186b1a437dc661df26b9d379196e4ffd31c3b2de8527fd445895565c7f680e7c"
}

resolution @jpegxl-rs.milestone.spine-bootstrap/1 {
    slot verified_by
    to @jpegxl-rs.evidence.spine-builds/1
    hash "sha256:be73d885df11d190e9b3fff292686849e930bf4f8069ccd91b66e634367f977f"
}

resolution @jpegxl-rs.milestone.spine-bootstrap/1 {
    slot verified_by
    to @jpegxl-rs.evidence.spine-conventions/1
    hash "sha256:5793d09f02a73315418bdbcd130b2116fba1c79ae1b09148cc2deb782032c0d3"
}

seal @jpegxl-rs.evidence.rulings-captured/1 {
    state verified
    hash "sha256:6fa0b4ff5fc5ab2005d848d8cd8d938b136f6299bc9c158bf7488c5353bf3d48"
}

seal @jpegxl-rs.evidence.spine-builds/1 {
    state verified
    hash "sha256:be73d885df11d190e9b3fff292686849e930bf4f8069ccd91b66e634367f977f"
}

seal @jpegxl-rs.evidence.spine-conventions/1 {
    state verified
    hash "sha256:5793d09f02a73315418bdbcd130b2116fba1c79ae1b09148cc2deb782032c0d3"
}

seal @jpegxl-rs.milestone.durable-rulings/1 {
    state completed
    hash "sha256:5b51c57197a52f692c0735aabb0dec45b946cf834767e8ffa53bb1bb22d98d35"
}

seal @jpegxl-rs.milestone.spine-bootstrap/1 {
    state completed
    hash "sha256:df7662c178a233de8a7b385c1f35a7e92556b887da5866b12f936deb4af8c16d"
}
